
Microsoft Visual Studio Solution File, Format Version 12.00
# Visual Studio Version 17
VisualStudioVersion = 17.9.34607.119
MinimumVisualStudioVersion = 10.0.40219.1
Project("{9A19103F-16F7-4668-BE54-9A1E7A4F7556}") = "Emp.Api", "Emp.Api\Emp.Api.csproj", "{852225FE-5D82-477A-BBD8-364E05E987FF}"
EndProject
Project("{9A19103F-16F7-4668-BE54-9A1E7A4F7556}") = "Emp.Models", "Emp.Models\Emp.Models.csproj", "{D6487ACE-2E7F-41DB-B358-1C33301AD324}"
EndProject
Project("{FAE04EC0-301F-11D3-BF4B-00C04F79EFBC}") = "EMP.Web", "EMP.Web\EMP.Web.csproj", "{159560B3-CFA0-4E3F-839F-8D39F186453D}"
EndProject
Project("{FAE04EC0-301F-11D3-BF4B-00C04F79EFBC}") = "Contracts", "Contracts\Contracts.csproj", "{2F55CDCC-E365-4F03-81AA-2534BA3B47D9}"
EndProject
Project("{FAE04EC0-301F-11D3-BF4B-00C04F79EFBC}") = "Implementation", "Implementation\Implementation.csproj", "{9748CD7D-A8EB-4592-B153-84445B7E2BD1}"
EndProject
Global
	GlobalSection(SolutionConfigurationPlatforms) = preSolution
		Debug|Any CPU = Debug|Any CPU
		Release|Any CPU = Release|Any CPU
	EndGlobalSection
	GlobalSection(ProjectConfigurationPlatforms) = postSolution
		{852225FE-5D82-477A-BBD8-364E05E987FF}.Debug|Any CPU.ActiveCfg = Debug|Any CPU
		{852225FE-5D82-477A-BBD8-364E05E987FF}.Debug|Any CPU.Build.0 = Debug|Any CPU
		{852225FE-5D82-477A-BBD8-364E05E987FF}.Release|Any CPU.ActiveCfg = Release|Any CPU
		{852225FE-5D82-477A-BBD8-364E05E987FF}.Release|Any CPU.Build.0 = Release|Any CPU
		{D6487ACE-2E7F-41DB-B358-1C33301AD324}.Debug|Any CPU.ActiveCfg = Debug|Any CPU
		{D6487ACE-2E7F-41DB-B358-1C33301AD324}.Debug|Any CPU.Build.0 = Debug|Any CPU
		{D6487ACE-2E7F-41DB-B358-1C33301AD324}.Release|Any CPU.ActiveCfg = Release|Any CPU
		{D6487ACE-2E7F-41DB-B358-1C33301AD324}.Release|Any CPU.Build.0 = Release|Any CPU
		{159560B3-CFA0-4E3F-839F-8D39F186453D}.Debug|Any CPU.ActiveCfg = Debug|Any CPU
		{159560B3-CFA0-4E3F-839F-8D39F186453D}.Debug|Any CPU.Build.0 = Debug|Any CPU
		{159560B3-CFA0-4E3F-839F-8D39F186453D}.Release|Any CPU.ActiveCfg = Release|Any CPU
		{159560B3-CFA0-4E3F-839F-8D39F186453D}.Release|Any CPU.Build.0 = Release|Any CPU
		{2F55CDCC-E365-4F03-81AA-2534BA3B47D9}.Debug|Any CPU.ActiveCfg = Debug|Any CPU
		{2F55CDCC-E365-4F03-81AA-2534BA3B47D9}.Debug|Any CPU.Build.0 = Debug|Any CPU
		{2F55CDCC-E365-4F03-81AA-2534BA3B47D9}.Release|Any CPU.ActiveCfg = Release|Any CPU
		{2F55CDCC-E365-4F03-81AA-2534BA3B47D9}.Release|Any CPU.Build.0 = Release|Any CPU
		{9748CD7D-A8EB-4592-B153-84445B7E2BD1}.Debug|Any CPU.ActiveCfg = Debug|Any CPU
		{9748CD7D-A8EB-4592-B153-84445B7E2BD1}.Debug|Any CPU.Build.0 = Debug|Any CPU
		{9748CD7D-A8EB-4592-B153-84445B7E2BD1}.Release|Any CPU.ActiveCfg = Release|Any CPU
		{9748CD7D-A8EB-4592-B153-84445B7E2BD1}.Release|Any CPU.Build.0 = Release|Any CPU
	EndGlobalSection
	GlobalSection(SolutionProperties) = preSolution
		HideSolutionNode = FALSE
	EndGlobalSection
	GlobalSection(ExtensibilityGlobals) = postSolution
		SolutionGuid = {451D4927-D9D3-455B-84E0-7394E289B891}
	EndGlobalSection
EndGlobal
